
Microsoft Visual Studio Solution File, Format Version 12.00
# Visual Studio Version 17
VisualStudioVersion = 17.5.002.0
MinimumVisualStudioVersion = 10.0.40219.1
Project("{9A19103F-16F7-4668-BE54-9A1E7A4F7556}") = "51", "51.csproj", "{F54BE80F-5738-44EC-826A-237B04FD8C1B}"
EndProject
Global
	GlobalSection(SolutionConfigurationPlatforms) = preSolution
		Debug|Any CPU = Debug|Any CPU
		Release|Any CPU = Release|Any CPU
	EndGlobalSection
	GlobalSection(ProjectConfigurationPlatforms) = postSolution
		{F54BE80F-5738-44EC-826A-237B04FD8C1B}.Debug|Any CPU.ActiveCfg = Debug|Any CPU
		{F54BE80F-5738-44EC-826A-237B04FD8C1B}.Debug|Any CPU.Build.0 = Debug|Any CPU
		{F54BE80F-5738-44EC-826A-237B04FD8C1B}.Release|Any CPU.ActiveCfg = Release|Any CPU
		{F54BE80F-5738-44EC-826A-237B04FD8C1B}.Release|Any CPU.Build.0 = Release|Any CPU
	EndGlobalSection
	GlobalSection(SolutionProperties) = preSolution
		HideSolutionNode = FALSE
	EndGlobalSection
	GlobalSection(ExtensibilityGlobals) = postSolution
		SolutionGuid = {0D4898DA-BB7C-4AFD-877D-08293E44A305}
	EndGlobalSection
EndGlobal
